dependencies:
- name: kafka
  repository: https://kubernetes-charts-incubator.storage.googleapis.com
  version: 0.13.3
- name: prometheus
  repository: https://kubernetes-charts.storage.googleapis.com
  version: 8.3.0
- name: grafana
  repository: https://kubernetes-charts.storage.googleapis.com
  version: 1.21.2
digest: sha256:d0b6038f13f0016e80487068e32f17e87c438b9ecbd0fda90190ae329b5842d7
generated: 2018-12-25T12:10:00.662856101-06:00
